<?xml version="1.0" encoding="utf-8"?>
<Project ToolsVersion="4.0" xmlns="http://schemas.microsoft.com/developer/msbuild/2003">
  <ItemGroup>
    <ClCompile Include="main.cpp" />
    <ClCompile Include="Ball.cpp">
      <Filter>GameObject</Filter>
    </ClCompile>
    <ClCompile Include="GameObject.cpp">
      <Filter>GameObject</Filter>
    </ClCompile>
    <ClCompile Include="NetworkManager.cpp">
      <Filter>Net</Filter>
    </ClCompile>
    <ClCompile Include="Session.cpp">
      <Filter>Net</Filter>
    </ClCompile>
    <ClCompile Include="Player.cpp">
      <Filter>GameObject</Filter>
    </ClCompile>
    <ClCompile Include="pch.cpp">
      <Filter>Default</Filter>
    </ClCompile>
    <ClCompile Include="PacketProcessor.cpp">
      <Filter>Net</Filter>
    </ClCompile>
    <ClCompile Include="GameObjectManager.cpp">
      <Filter>GameObject</Filter>
    </ClCompile>
  </ItemGroup>
  <ItemGroup>
    <ClInclude Include="Ball.h">
      <Filter>GameObject</Filter>
    </ClInclude>
    <ClInclude Include="GameObject.h">
      <Filter>GameObject</Filter>
    </ClInclude>
    <ClInclude Include="NetworkManager.h">
      <Filter>Net</Filter>
    </ClInclude>
    <ClInclude Include="Session.h">
      <Filter>Net</Filter>
    </ClInclude>
    <ClInclude Include="Player.h">
      <Filter>GameObject</Filter>
    </ClInclude>
    <ClInclude Include="framework.h">
      <Filter>Default</Filter>
    </ClInclude>
    <ClInclude Include="pch.h">
      <Filter>Default</Filter>
    </ClInclude>
    <ClInclude Include="PingPong.h">
      <Filter>Default</Filter>
    </ClInclude>
    <ClInclude Include="Resource.h">
      <Filter>Default</Filter>
    </ClInclude>
    <ClInclude Include="targetver.h">
      <Filter>Default</Filter>
    </ClInclude>
    <ClInclude Include="PacketBase.h">
      <Filter>Net</Filter>
    </ClInclude>
    <ClInclude Include="Vector2.h">
      <Filter>Utility</Filter>
    </ClInclude>
    <ClInclude Include="ICommand.h">
      <Filter>Net</Filter>
    </ClInclude>
    <ClInclude Include="PacketProcessor.h">
      <Filter>Net</Filter>
    </ClInclude>
    <ClInclude Include="Singleton.h">
      <Filter>Utility</Filter>
    </ClInclude>
    <ClInclude Include="GameObjectManager.h">
      <Filter>GameObject</Filter>
    </ClInclude>
  </ItemGroup>
  <ItemGroup>
    <Image Include="PingPong.ico">
      <Filter>Default</Filter>
    </Image>
    <Image Include="small.ico">
      <Filter>Default</Filter>
    </Image>
  </ItemGroup>
  <ItemGroup>
    <Filter Include="Net">
      <UniqueIdentifier>{b9230129-0eaa-4157-ac34-70a62fd7292b}</UniqueIdentifier>
    </Filter>
    <Filter Include="GameObject">
      <UniqueIdentifier>{516b30ef-a4e4-455f-83dc-8a2fc8dc6b5b}</UniqueIdentifier>
    </Filter>
    <Filter Include="Utility">
      <UniqueIdentifier>{4a9b47b3-3470-4f45-8f28-a540e3397dcc}</UniqueIdentifier>
    </Filter>
    <Filter Include="Default">
      <UniqueIdentifier>{fe4da2fc-b168-45d9-ae10-900c35e164e0}</UniqueIdentifier>
    </Filter>
  </ItemGroup>
  <ItemGroup>
    <ResourceCompile Include="PingPong.rc">
      <Filter>Default</Filter>
    </ResourceCompile>
  </ItemGroup>
</Project>