<?xml version="1.0" encoding="utf-8"?>
<Project ToolsVersion="4.0" xmlns="http://schemas.microsoft.com/developer/msbuild/2003">
  <ItemGroup>
    <ClCompile Include="main.cpp" />
    <ClCompile Include="Ball.cpp">
      <Filter>Client\GameObject</Filter>
    </ClCompile>
    <ClCompile Include="Button.cpp">
      <Filter>Client\GameObject</Filter>
    </ClCompile>
    <ClCompile Include="GameObject.cpp">
      <Filter>Client\GameObject</Filter>
    </ClCompile>
    <ClCompile Include="GameObjectManager.cpp">
      <Filter>Client\GameObject</Filter>
    </ClCompile>
    <ClCompile Include="NetworkManager.cpp">
      <Filter>Net</Filter>
    </ClCompile>
    <ClCompile Include="PacketProcessor.cpp">
      <Filter>Net</Filter>
    </ClCompile>
    <ClCompile Include="pch.cpp">
      <Filter>Default</Filter>
    </ClCompile>
    <ClCompile Include="LogicGameStart.cpp">
      <Filter>CommandProcess</Filter>
    </ClCompile>
    <ClCompile Include="Player.cpp">
      <Filter>Client\GameObject</Filter>
    </ClCompile>
    <ClCompile Include="RingBuffer.cpp">
      <Filter>Utils</Filter>
    </ClCompile>
    <ClCompile Include="Session.cpp">
      <Filter>Net</Filter>
    </ClCompile>
    <ClCompile Include="GameScene.cpp">
      <Filter>Client\Scene</Filter>
    </ClCompile>
    <ClCompile Include="LobbyScene.cpp">
      <Filter>Client\Scene</Filter>
    </ClCompile>
    <ClCompile Include="Scene.cpp">
      <Filter>Client\Scene</Filter>
    </ClCompile>
    <ClCompile Include="InGamePacket.cpp">
      <Filter>Net</Filter>
    </ClCompile>
    <ClCompile Include="LogicUserId.cpp">
      <Filter>CommandProcess</Filter>
    </ClCompile>
    <ClCompile Include="SceneManager.cpp">
      <Filter>Client\Scene</Filter>
    </ClCompile>
  </ItemGroup>
  <ItemGroup>
    <ClInclude Include="Button.h">
      <Filter>Client\GameObject</Filter>
    </ClInclude>
    <ClInclude Include="Ball.h">
      <Filter>Client\GameObject</Filter>
    </ClInclude>
    <ClInclude Include="GameObjectManager.h">
      <Filter>Client\GameObject</Filter>
    </ClInclude>
    <ClInclude Include="GameObject.h">
      <Filter>Client\GameObject</Filter>
    </ClInclude>
    <ClInclude Include="ICommand.h">
      <Filter>Net</Filter>
    </ClInclude>
    <ClInclude Include="InGamePacket.h">
      <Filter>Net</Filter>
    </ClInclude>
    <ClInclude Include="NetworkManager.h">
      <Filter>Net</Filter>
    </ClInclude>
    <ClInclude Include="PacketBase.h">
      <Filter>Net</Filter>
    </ClInclude>
    <ClInclude Include="PacketCommand.h">
      <Filter>Net</Filter>
    </ClInclude>
    <ClInclude Include="PacketProcessor.h">
      <Filter>Net</Filter>
    </ClInclude>
    <ClInclude Include="pch.h">
      <Filter>Default</Filter>
    </ClInclude>
    <ClInclude Include="PingPong.h">
      <Filter>Default</Filter>
    </ClInclude>
    <ClInclude Include="framework.h">
      <Filter>Default</Filter>
    </ClInclude>
    <ClInclude Include="LogicGameStart.h">
      <Filter>CommandProcess</Filter>
    </ClInclude>
    <ClInclude Include="Player.h">
      <Filter>Client\GameObject</Filter>
    </ClInclude>
    <ClInclude Include="Resource.h">
      <Filter>Default</Filter>
    </ClInclude>
    <ClInclude Include="RingBuffer.h">
      <Filter>Utils</Filter>
    </ClInclude>
    <ClInclude Include="Singleton.h">
      <Filter>Utils</Filter>
    </ClInclude>
    <ClInclude Include="Vector2.h">
      <Filter>Utils</Filter>
    </ClInclude>
    <ClInclude Include="Session.h">
      <Filter>Net</Filter>
    </ClInclude>
    <ClInclude Include="targetver.h">
      <Filter>Default</Filter>
    </ClInclude>
    <ClInclude Include="GameScene.h">
      <Filter>Client\Scene</Filter>
    </ClInclude>
    <ClInclude Include="LobbyScene.h">
      <Filter>Client\Scene</Filter>
    </ClInclude>
    <ClInclude Include="Scene.h">
      <Filter>Client\Scene</Filter>
    </ClInclude>
    <ClInclude Include="LogicUserId.h">
      <Filter>CommandProcess</Filter>
    </ClInclude>
    <ClInclude Include="SceneManager.h">
      <Filter>Client\Scene</Filter>
    </ClInclude>
  </ItemGroup>
  <ItemGroup>
    <Image Include="PingPong.ico">
      <Filter>Default</Filter>
    </Image>
    <Image Include="small.ico">
      <Filter>Default</Filter>
    </Image>
  </ItemGroup>
  <ItemGroup>
    <Filter Include="Net">
      <UniqueIdentifier>{4bf02386-eca8-4d5e-a4bd-c4deb1171256}</UniqueIdentifier>
    </Filter>
    <Filter Include="Default">
      <UniqueIdentifier>{ea2858cf-8c8e-453f-ba3f-d491021a0d61}</UniqueIdentifier>
    </Filter>
    <Filter Include="CommandProcess">
      <UniqueIdentifier>{408c505c-f287-4724-b1d7-0592791c99a1}</UniqueIdentifier>
    </Filter>
    <Filter Include="Utils">
      <UniqueIdentifier>{6245ec44-2b8f-4bd2-a926-3cb71790abac}</UniqueIdentifier>
    </Filter>
    <Filter Include="Client">
      <UniqueIdentifier>{cea2bd67-a9d0-4143-bc65-27d53c8984de}</UniqueIdentifier>
    </Filter>
    <Filter Include="Client\GameObject">
      <UniqueIdentifier>{7dbdc922-8a5a-4e94-8846-eba9d63f9299}</UniqueIdentifier>
    </Filter>
    <Filter Include="Client\Scene">
      <UniqueIdentifier>{3dcf56d7-a71b-4f51-8649-0dd8a6881e59}</UniqueIdentifier>
    </Filter>
  </ItemGroup>
  <ItemGroup>
    <ResourceCompile Include="PingPong.rc">
      <Filter>Default</Filter>
    </ResourceCompile>
  </ItemGroup>
</Project>